
Microsoft Visual Studio Solution File, Format Version 12.00
# Visual Studio Version 17
VisualStudioVersion = 17.5.33424.131
MinimumVisualStudioVersion = 10.0.40219.1
Project("{8BC9CEB8-8B4A-11D0-8D11-00A0C91BC942}") = "FileNameToNum", "FileNameToNum\FileNameToNum.vcxproj", "{26AD4403-C2F9-47D2-816C-F47F1DE34D78}"
EndProject
Global
	GlobalSection(SolutionConfigurationPlatforms) = preSolution
		Debug|x64 = Debug|x64
		Debug|x86 = Debug|x86
		Release|x64 = Release|x64
		Release|x86 = Release|x86
	EndGlobalSection
	GlobalSection(ProjectConfigurationPlatforms) = postSolution
		{26AD4403-C2F9-47D2-816C-F47F1DE34D78}.Debug|x64.ActiveCfg = Debug|x64
		{26AD4403-C2F9-47D2-816C-F47F1DE34D78}.Debug|x64.Build.0 = Debug|x64
		{26AD4403-C2F9-47D2-816C-F47F1DE34D78}.Debug|x86.ActiveCfg = Debug|Win32
		{26AD4403-C2F9-47D2-816C-F47F1DE34D78}.Debug|x86.Build.0 = Debug|Win32
		{26AD4403-C2F9-47D2-816C-F47F1DE34D78}.Release|x64.ActiveCfg = Release|x64
		{26AD4403-C2F9-47D2-816C-F47F1DE34D78}.Release|x64.Build.0 = Release|x64
		{26AD4403-C2F9-47D2-816C-F47F1DE34D78}.Release|x86.ActiveCfg = Release|Win32
		{26AD4403-C2F9-47D2-816C-F47F1DE34D78}.Release|x86.Build.0 = Release|Win32
	EndGlobalSection
	GlobalSection(SolutionProperties) = preSolution
		HideSolutionNode = FALSE
	EndGlobalSection
	GlobalSection(ExtensibilityGlobals) = postSolution
		SolutionGuid = {CA1FB7D9-B8EA-4AD4-B254-ABE0E2EE572B}
	EndGlobalSection
EndGlobal
